
Microsoft Visual Studio Solution File, Format Version 12.00
# Visual Studio Version 16
VisualStudioVersion = 16.0.30804.86
MinimumVisualStudioVersion = 10.0.40219.1
Project("{FAE04EC0-301F-11D3-BF4B-00C04F79EFBC}") = "Winform.PrintScreen", "Winform.PrintScreen\Winform.PrintScreen.csproj", "{14A68767-484E-4162-A9DC-11B3620BDC59}"
EndProject
Global
	GlobalSection(SolutionConfigurationPlatforms) = preSolution
		Debug|Any CPU = Debug|Any CPU
		Release|Any CPU = Release|Any CPU
	EndGlobalSection
	GlobalSection(ProjectConfigurationPlatforms) = postSolution
		{14A68767-484E-4162-A9DC-11B3620BDC59}.Debug|Any CPU.ActiveCfg = Debug|Any CPU
		{14A68767-484E-4162-A9DC-11B3620BDC59}.Debug|Any CPU.Build.0 = Debug|Any CPU
		{14A68767-484E-4162-A9DC-11B3620BDC59}.Release|Any CPU.ActiveCfg = Release|Any CPU
		{14A68767-484E-4162-A9DC-11B3620BDC59}.Release|Any CPU.Build.0 = Release|Any CPU
	EndGlobalSection
	GlobalSection(SolutionProperties) = preSolution
		HideSolutionNode = FALSE
	EndGlobalSection
	GlobalSection(ExtensibilityGlobals) = postSolution
		SolutionGuid = {8FC50F73-976D-47CD-A482-900609085261}
	EndGlobalSection
EndGlobal
